// !$*UTF8*$!
{
	archiveVersion = 1;
	classes = {
	};
	objectVersion = 77;
	objects = {

/* Begin PBXContainerItemProxy section */
		7CE814492EFBB76100059085 /* PBXContainerItemProxy */ = {
			isa = PBXContainerItemProxy;
			containerPortal = 7CE814332EFBB76000059085 /* Project object */;
			proxyType = 1;
			remoteGlobalIDString = 7CE8143A2EFBB76000059085;
			remoteInfo = Studio;
		};
		7CE815442EFBD05B00059085 /* PBXContainerItemProxy */ = {
			isa = PBXContainerItemProxy;
			containerPortal = 7CE814332EFBB76000059085 /* Project object */;
			proxyType = 1;
			remoteGlobalIDString = 7CE815362EFBD05B00059085;
			remoteInfo = TestHost;
		};
		7CE8154E2EFBD05B00059085 /* PBXContainerItemProxy */ = {
			isa = PBXContainerItemProxy;
			containerPortal = 7CE814332EFBB76000059085 /* Project object */;
			proxyType = 1;
			remoteGlobalIDString = 7CE815362EFBD05B00059085;
			remoteInfo = TestHost;
		};
/* End PBXContainerItemProxy section */

/* Begin PBXFileReference section */
		7CE8143B2EFBB76000059085 /* Xamrock Studio.app */ = {isa = PBXFileReference; explicitFileType = wrapper.application; includeInIndex = 0; path = "Xamrock Studio.app"; sourceTree = BUILT_PRODUCTS_DIR; };
		7CE814482EFBB76100059085 /* StudioTests.xctest */ = {isa = PBXFileReference; explicitFileType = wrapper.cfbundle; includeInIndex = 0; path = StudioTests.xctest; sourceTree = BUILT_PRODUCTS_DIR; };
		7CE814522EFBB76100059085 /* StudioUITests.xctest */ = {isa = PBXFileReference; explicitFileType = wrapper.cfbundle; includeInIndex = 0; path = StudioUITests.xctest; sourceTree = BUILT_PRODUCTS_DIR; };
		7CE815372EFBD05B00059085 /* TestHost.app */ = {isa = PBXFileReference; explicitFileType = wrapper.application; includeInIndex = 0; path = TestHost.app; sourceTree = BUILT_PRODUCTS_DIR; };
		7CE815432EFBD05B00059085 /* TestHostTests.xctest */ = {isa = PBXFileReference; explicitFileType = wrapper.cfbundle; includeInIndex = 0; path = TestHostTests.xctest; sourceTree = BUILT_PRODUCTS_DIR; };
		7CE8154D2EFBD05B00059085 /* TestHostUITests.xctest */ = {isa = PBXFileReference; explicitFileType = wrapper.cfbundle; includeInIndex = 0; path = TestHostUITests.xctest; sourceTree = BUILT_PRODUCTS_DIR; };
/* End PBXFileReference section */

/* Begin PBXFileSystemSynchronizedBuildFileExceptionSet section */
		7CE817DC2F06F73D00059085 /* Exceptions for "Studio" folder in "Studio" target */ = {
			isa = PBXFileSystemSynchronizedBuildFileExceptionSet;
			membershipExceptions = (
				Info.plist,
			);
			target = 7CE8143A2EFBB76000059085 /* Studio */;
		};
/* End PBXFileSystemSynchronizedBuildFileExceptionSet section */

/* Begin PBXFileSystemSynchronizedRootGroup section */
		7CE8143D2EFBB76000059085 /* Studio */ = {
			isa = PBXFileSystemSynchronizedRootGroup;
			exceptions = (
				7CE817DC2F06F73D00059085 /* Exceptions for "Studio" folder in "Studio" target */,
			);
			path = Studio;
			sourceTree = "<group>";
		};
		7CE8144B2EFBB76100059085 /* StudioTests */ = {
			isa = PBXFileSystemSynchronizedRootGroup;
			path = StudioTests;
			sourceTree = "<group>";
		};
		7CE814552EFBB76100059085 /* StudioUITests */ = {
			isa = PBXFileSystemSynchronizedRootGroup;
			path = StudioUITests;
			sourceTree = "<group>";
		};
		7CE815382EFBD05B00059085 /* TestHost */ = {
			isa = PBXFileSystemSynchronizedRootGroup;
			path = TestHost;
			sourceTree = "<group>";
		};
		7CE815462EFBD05B00059085 /* TestHostTests */ = {
			isa = PBXFileSystemSynchronizedRootGroup;
			path = TestHostTests;
			sourceTree = "<group>";
		};
		7CE815502EFBD05B00059085 /* TestHostUITests */ = {
			isa = PBXFileSystemSynchronizedRootGroup;
			path = TestHostUITests;
			sourceTree = "<group>";
		};
/* End PBXFileSystemSynchronizedRootGroup section */

/* Begin PBXFrameworksBuildPhase section */
		7CE814382EFBB76000059085 /* Frameworks */ = {
			isa = PBXFrameworksBuildPhase;
			buildActionMask = 2147483647;
			files = (
			);
			runOnlyForDeploymentPostprocessing = 0;
		};
		7CE814452EFBB76100059085 /* Frameworks */ = {
			isa = PBXFrameworksBuildPhase;
			buildActionMask = 2147483647;
			files = (
			);
			runOnlyForDeploymentPostprocessing = 0;
		};
		7CE8144F2EFBB76100059085 /* Frameworks */ = {
			isa = PBXFrameworksBuildPhase;
			buildActionMask = 2147483647;
			files = (
			);
			runOnlyForDeploymentPostprocessing = 0;
		};
		7CE815342EFBD05B00059085 /* Frameworks */ = {
			isa = PBXFrameworksBuildPhase;
			buildActionMask = 2147483647;
			files = (
			);
			runOnlyForDeploymentPostprocessing = 0;
		};
		7CE815402EFBD05B00059085 /* Frameworks */ = {
			isa = PBXFrameworksBuildPhase;
			buildActionMask = 2147483647;
			files = (
			);
			runOnlyForDeploymentPostprocessing = 0;
		};
		7CE8154A2EFBD05B00059085 /* Frameworks */ = {
			isa = PBXFrameworksBuildPhase;
			buildActionMask = 2147483647;
			files = (
			);
			runOnlyForDeploymentPostprocessing = 0;
		};
/* End PBXFrameworksBuildPhase section */

/* Begin PBXGroup section */
		7CE814322EFBB76000059085 = {
			isa = PBXGroup;
			children = (
				7CE8143D2EFBB76000059085 /* Studio */,
				7CE8144B2EFBB76100059085 /* StudioTests */,
				7CE814552EFBB76100059085 /* StudioUITests */,
				7CE815382EFBD05B00059085 /* TestHost */,
				7CE815462EFBD05B00059085 /* TestHostTests */,
				7CE815502EFBD05B00059085 /* TestHostUITests */,
				7CE8143C2EFBB76000059085 /* Products */,
			);
			sourceTree = "<group>";
		};
		7CE8143C2EFBB76000059085 /* Products */ = {
			isa = PBXGroup;
			children = (
				7CE8143B2EFBB76000059085 /* Xamrock Studio.app */,
				7CE814482EFBB76100059085 /* StudioTests.xctest */,
				7CE814522EFBB76100059085 /* StudioUITests.xctest */,
				7CE815372EFBD05B00059085 /* TestHost.app */,
				7CE815432EFBD05B00059085 /* TestHostTests.xctest */,
				7CE8154D2EFBD05B00059085 /* TestHostUITests.xctest */,
			);
			name = Products;
			sourceTree = "<group>";
		};
/* End PBXGroup section */

/* Begin PBXNativeTarget section */
		7CE8143A2EFBB76000059085 /* Studio */ = {
			isa = PBXNativeTarget;
			buildConfigurationList = 7CE8145C2EFBB76100059085 /* Build configuration list for PBXNativeTarget "Studio" */;
			buildPhases = (
				7CE814372EFBB76000059085 /* Sources */,
				7CE814382EFBB76000059085 /* Frameworks */,
				7CE814392EFBB76000059085 /* Resources */,
			);
			buildRules = (
			);
			dependencies = (
			);
			fileSystemSynchronizedGroups = (
				7CE8143D2EFBB76000059085 /* Studio */,
			);
			name = Studio;
			packageProductDependencies = (
			);
			productName = Studio;
			productReference = 7CE8143B2EFBB76000059085 /* Xamrock Studio.app */;
			productType = "com.apple.product-type.application";
		};
		7CE814472EFBB76100059085 /* StudioTests */ = {
			isa = PBXNativeTarget;
			buildConfigurationList = 7CE8145F2EFBB76100059085 /* Build configuration list for PBXNativeTarget "StudioTests" */;
			buildPhases = (
				7CE814442EFBB76100059085 /* Sources */,
				7CE814452EFBB76100059085 /* Frameworks */,
				7CE814462EFBB76100059085 /* Resources */,
			);
			buildRules = (
			);
			dependencies = (
				7CE8144A2EFBB76100059085 /* PBXTargetDependency */,
			);
			fileSystemSynchronizedGroups = (
				7CE8144B2EFBB76100059085 /* StudioTests */,
			);
			name = StudioTests;
			packageProductDependencies = (
			);
			productName = StudioTests;
			productReference = 7CE814482EFBB76100059085 /* StudioTests.xctest */;
			productType = "com.apple.product-type.bundle.unit-test";
		};
		7CE814512EFBB76100059085 /* StudioUITests */ = {
			isa = PBXNativeTarget;
			buildConfigurationList = 7CE814622EFBB76100059085 /* Build configuration list for PBXNativeTarget "StudioUITests" */;
			buildPhases = (
				7CE8144E2EFBB76100059085 /* Sources */,
				7CE8144F2EFBB76100059085 /* Frameworks */,
				7CE814502EFBB76100059085 /* Resources */,
			);
			buildRules = (
			);
			dependencies = (
			);
			fileSystemSynchronizedGroups = (
				7CE814552EFBB76100059085 /* StudioUITests */,
			);
			name = StudioUITests;
			packageProductDependencies = (
			);
			productName = StudioUITests;
			productReference = 7CE814522EFBB76100059085 /* StudioUITests.xctest */;
			productType = "com.apple.product-type.bundle.ui-testing";
		};
		7CE815362EFBD05B00059085 /* TestHost */ = {
			isa = PBXNativeTarget;
			buildConfigurationList = 7CE8155B2EFBD05B00059085 /* Build configuration list for PBXNativeTarget "TestHost" */;
			buildPhases = (
				7CE815332EFBD05B00059085 /* Sources */,
				7CE815342EFBD05B00059085 /* Frameworks */,
				7CE815352EFBD05B00059085 /* Resources */,
			);
			buildRules = (
			);
			dependencies = (
			);
			fileSystemSynchronizedGroups = (
				7CE815382EFBD05B00059085 /* TestHost */,
			);
			name = TestHost;
			packageProductDependencies = (
			);
			productName = TestHost;
			productReference = 7CE815372EFBD05B00059085 /* TestHost.app */;
			productType = "com.apple.product-type.application";
		};
		7CE815422EFBD05B00059085 /* TestHostTests */ = {
			isa = PBXNativeTarget;
			buildConfigurationList = 7CE8155C2EFBD05B00059085 /* Build configuration list for PBXNativeTarget "TestHostTests" */;
			buildPhases = (
				7CE8153F2EFBD05B00059085 /* Sources */,
				7CE815402EFBD05B00059085 /* Frameworks */,
				7CE815412EFBD05B00059085 /* Resources */,
			);
			buildRules = (
			);
			dependencies = (
				7CE815452EFBD05B00059085 /* PBXTargetDependency */,
			);
			fileSystemSynchronizedGroups = (
				7CE815462EFBD05B00059085 /* TestHostTests */,
			);
			name = TestHostTests;
			packageProductDependencies = (
			);
			productName = TestHostTests;
			productReference = 7CE815432EFBD05B00059085 /* TestHostTests.xctest */;
			productType = "com.apple.product-type.bundle.unit-test";
		};
		7CE8154C2EFBD05B00059085 /* TestHostUITests */ = {
			isa = PBXNativeTarget;
			buildConfigurationList = 7CE8155D2EFBD05B00059085 /* Build configuration list for PBXNativeTarget "TestHostUITests" */;
			buildPhases = (
				7CE815492EFBD05B00059085 /* Sources */,
				7CE8154A2EFBD05B00059085 /* Frameworks */,
				7CE8154B2EFBD05B00059085 /* Resources */,
			);
			buildRules = (
			);
			dependencies = (
				7CE8154F2EFBD05B00059085 /* PBXTargetDependency */,
			);
			fileSystemSynchronizedGroups = (
				7CE815502EFBD05B00059085 /* TestHostUITests */,
			);
			name = TestHostUITests;
			packageProductDependencies = (
			);
			productName = TestHostUITests;
			productReference = 7CE8154D2EFBD05B00059085 /* TestHostUITests.xctest */;
			productType = "com.apple.product-type.bundle.ui-testing";
		};
/* End PBXNativeTarget section */

/* Begin PBXProject section */
		7CE814332EFBB76000059085 /* Project object */ = {
			isa = PBXProject;
			attributes = {
				BuildIndependentTargetsInParallel = 1;
				LastSwiftUpdateCheck = 2600;
				LastUpgradeCheck = 2600;
				TargetAttributes = {
					7CE8143A2EFBB76000059085 = {
						CreatedOnToolsVersion = 26.0;
					};
					7CE814472EFBB76100059085 = {
						CreatedOnToolsVersion = 26.0;
						TestTargetID = 7CE8143A2EFBB76000059085;
					};
					7CE814512EFBB76100059085 = {
						CreatedOnToolsVersion = 26.0;
						TestTargetID = 7CE8143A2EFBB76000059085;
					};
					7CE815362EFBD05B00059085 = {
						CreatedOnToolsVersion = 26.0;
					};
					7CE815422EFBD05B00059085 = {
						CreatedOnToolsVersion = 26.0;
						TestTargetID = 7CE815362EFBD05B00059085;
					};
					7CE8154C2EFBD05B00059085 = {
						CreatedOnToolsVersion = 26.0;
						TestTargetID = 7CE815362EFBD05B00059085;
					};
				};
			};
			buildConfigurationList = 7CE814362EFBB76000059085 /* Build configuration list for PBXProject "Studio" */;
			developmentRegion = en;
			hasScannedForEncodings = 0;
			knownRegions = (
				en,
				Base,
			);
			mainGroup = 7CE814322EFBB76000059085;
			minimizedProjectReferenceProxies = 1;
			preferredProjectObjectVersion = 77;
			productRefGroup = 7CE8143C2EFBB76000059085 /* Products */;
			projectDirPath = "";
			projectRoot = "";
			targets = (
				7CE8143A2EFBB76000059085 /* Studio */,
				7CE814472EFBB76100059085 /* StudioTests */,
				7CE814512EFBB76100059085 /* StudioUITests */,
				7CE815362EFBD05B00059085 /* TestHost */,
				7CE815422EFBD05B00059085 /* TestHostTests */,
				7CE8154C2EFBD05B00059085 /* TestHostUITests */,
			);
		};
/* End PBXProject section */

/* Begin PBXResourcesBuildPhase section */
		7CE814392EFBB76000059085 /* Resources */ = {
			isa = PBXResourcesBuildPhase;
			buildActionMask = 2147483647;
			files = (
			);
			runOnlyForDeploymentPostprocessing = 0;
		};
		7CE814462EFBB76100059085 /* Resources */ = {
			isa = PBXResourcesBuildPhase;
			buildActionMask = 2147483647;
			files = (
			);
			runOnlyForDeploymentPostprocessing = 0;
		};
		7CE814502EFBB76100059085 /* Resources */ = {
			isa = PBXResourcesBuildPhase;
			buildActionMask = 2147483647;
			files = (
			);
			runOnlyForDeploymentPostprocessing = 0;
		};
		7CE815352EFBD05B00059085 /* Resources */ = {
			isa = PBXResourcesBuildPhase;
			buildActionMask = 2147483647;
			files = (
			);
			runOnlyForDeploymentPostprocessing = 0;
		};
		7CE815412EFBD05B00059085 /* Resources */ = {
			isa = PBXResourcesBuildPhase;
			buildActionMask = 2147483647;
			files = (
			);
			runOnlyForDeploymentPostprocessing = 0;
		};
		7CE8154B2EFBD05B00059085 /* Resources */ = {
			isa = PBXResourcesBuildPhase;
			buildActionMask = 2147483647;
			files = (
			);
			runOnlyForDeploymentPostprocessing = 0;
		};
/* End PBXResourcesBuildPhase section */

/* Begin PBXSourcesBuildPhase section */
		7CE814372EFBB76000059085 /* Sources */ = {
			isa = PBXSourcesBuildPhase;
			buildActionMask = 2147483647;
			files = (
			);
			runOnlyForDeploymentPostprocessing = 0;
		};
		7CE814442EFBB76100059085 /* Sources */ = {
			isa = PBXSourcesBuildPhase;
			buildActionMask = 2147483647;
			files = (
			);
			runOnlyForDeploymentPostprocessing = 0;
		};
		7CE8144E2EFBB76100059085 /* Sources */ = {
			isa = PBXSourcesBuildPhase;
			buildActionMask = 2147483647;
			files = (
			);
			runOnlyForDeploymentPostprocessing = 0;
		};
		7CE815332EFBD05B00059085 /* Sources */ = {
			isa = PBXSourcesBuildPhase;
			buildActionMask = 2147483647;
			files = (
			);
			runOnlyForDeploymentPostprocessing = 0;
		};
		7CE8153F2EFBD05B00059085 /* Sources */ = {
			isa = PBXSourcesBuildPhase;
			buildActionMask = 2147483647;
			files = (
			);
			runOnlyForDeploymentPostprocessing = 0;
		};
		7CE815492EFBD05B00059085 /* Sources */ = {
			isa = PBXSourcesBuildPhase;
			buildActionMask = 2147483647;
			files = (
			);
			runOnlyForDeploymentPostprocessing = 0;
		};
/* End PBXSourcesBuildPhase section */

/* Begin PBXTargetDependency section */
		7CE8144A2EFBB76100059085 /* PBXTargetDependency */ = {
			isa = PBXTargetDependency;
			target = 7CE8143A2EFBB76000059085 /* Studio */;
			targetProxy = 7CE814492EFBB76100059085 /* PBXContainerItemProxy */;
		};
		7CE815452EFBD05B00059085 /* PBXTargetDependency */ = {
			isa = PBXTargetDependency;
			target = 7CE815362EFBD05B00059085 /* TestHost */;
			targetProxy = 7CE815442EFBD05B00059085 /* PBXContainerItemProxy */;
		};
		7CE8154F2EFBD05B00059085 /* PBXTargetDependency */ = {
			isa = PBXTargetDependency;
			target = 7CE815362EFBD05B00059085 /* TestHost */;
			targetProxy = 7CE8154E2EFBD05B00059085 /* PBXContainerItemProxy */;
		};
/* End PBXTargetDependency section */

/* Begin XCBuildConfiguration section */
		7CE8145A2EFBB76100059085 /* Debug */ = {
			isa = XCBuildConfiguration;
			buildSettings = {
				ALWAYS_SEARCH_USER_PATHS = NO;
				ASSETCATALOG_COMPILER_GENERATE_SWIFT_ASSET_SYMBOL_EXTENSIONS = YES;
				CLANG_ANALYZER_NONNULL = YES;
				CLANG_ANALYZER_NUMBER_OBJECT_CONVERSION = YES_AGGRESSIVE;
				CLANG_CXX_LANGUAGE_STANDARD = "gnu++20";
				CLANG_ENABLE_MODULES = YES;
				CLANG_ENABLE_OBJC_ARC = YES;
				CLANG_ENABLE_OBJC_WEAK = YES;
				CLANG_WARN_BLOCK_CAPTURE_AUTORELEASING = YES;
				CLANG_WARN_BOOL_CONVERSION = YES;
				CLANG_WARN_COMMA = YES;
				CLANG_WARN_CONSTANT_CONVERSION = YES;
				CLANG_WARN_DEPRECATED_OBJC_IMPLEMENTATIONS = YES;
				CLANG_WARN_DIRECT_OBJC_ISA_USAGE = YES_ERROR;
				CLANG_WARN_DOCUMENTATION_COMMENTS = YES;
				CLANG_WARN_EMPTY_BODY = YES;
				CLANG_WARN_ENUM_CONVERSION = YES;
				CLANG_WARN_INFINITE_RECURSION = YES;
				CLANG_WARN_INT_CONVERSION = YES;
				CLANG_WARN_NON_LITERAL_NULL_CONVERSION = YES;
				CLANG_WARN_OBJC_IMPLICIT_RETAIN_SELF = YES;
				CLANG_WARN_OBJC_LITERAL_CONVERSION = YES;
				CLANG_WARN_OBJC_ROOT_CLASS = YES_ERROR;
				CLANG_WARN_QUOTED_INCLUDE_IN_FRAMEWORK_HEADER = YES;
				CLANG_WARN_RANGE_LOOP_ANALYSIS = YES;
				CLANG_WARN_STRICT_PROTOTYPES = YES;
				CLANG_WARN_SUSPICIOUS_MOVE = YES;
				CLANG_WARN_UNGUARDED_AVAILABILITY = YES_AGGRESSIVE;
				CLANG_WARN_UNREACHABLE_CODE = YES;
				CLANG_WARN__DUPLICATE_METHOD_MATCH = YES;
				COPY_PHASE_STRIP = NO;
				DEBUG_INFORMATION_FORMAT = dwarf;
				DEVELOPMENT_TEAM = 5K99777NES;
				ENABLE_STRICT_OBJC_MSGSEND = YES;
				ENABLE_TESTABILITY = YES;
				ENABLE_USER_SCRIPT_SANDBOXING = YES;
				GCC_C_LANGUAGE_STANDARD = gnu17;
				GCC_DYNAMIC_NO_PIC = NO;
				GCC_NO_COMMON_BLOCKS = YES;
				GCC_OPTIMIZATION_LEVEL = 0;
				GCC_PREPROCESSOR_DEFINITIONS = (
					"DEBUG=1",
					"$(inherited)",
				);
				GCC_WARN_64_TO_32_BIT_CONVERSION = YES;
				GCC_WARN_ABOUT_RETURN_TYPE = YES_ERROR;
				GCC_WARN_UNDECLARED_SELECTOR = YES;
				GCC_WARN_UNINITIALIZED_AUTOS = YES_AGGRESSIVE;
				GCC_WARN_UNUSED_FUNCTION = YES;
				GCC_WARN_UNUSED_VARIABLE = YES;
				LOCALIZATION_PREFERS_STRING_CATALOGS = YES;
				MACOSX_DEPLOYMENT_TARGET = 26.0;
				MTL_ENABLE_DEBUG_INFO = INCLUDE_SOURCE;
				MTL_FAST_MATH = YES;
				ONLY_ACTIVE_ARCH = YES;
				SDKROOT = macosx;
				SWIFT_ACTIVE_COMPILATION_CONDITIONS = "DEBUG $(inherited)";
				SWIFT_OPTIMIZATION_LEVEL = "-Onone";
			};
			name = Debug;
		};
		7CE8145B2EFBB76100059085 /* Release */ = {
			isa = XCBuildConfiguration;
			buildSettings = {
				ALWAYS_SEARCH_USER_PATHS = NO;
				ASSETCATALOG_COMPILER_GENERATE_SWIFT_ASSET_SYMBOL_EXTENSIONS = YES;
				CLANG_ANALYZER_NONNULL = YES;
				CLANG_ANALYZER_NUMBER_OBJECT_CONVERSION = YES_AGGRESSIVE;
				CLANG_CXX_LANGUAGE_STANDARD = "gnu++20";
				CLANG_ENABLE_MODULES = YES;
				CLANG_ENABLE_OBJC_ARC = YES;
				CLANG_ENABLE_OBJC_WEAK = YES;
				CLANG_WARN_BLOCK_CAPTURE_AUTORELEASING = YES;
				CLANG_WARN_BOOL_CONVERSION = YES;
				CLANG_WARN_COMMA = YES;
				CLANG_WARN_CONSTANT_CONVERSION = YES;
				CLANG_WARN_DEPRECATED_OBJC_IMPLEMENTATIONS = YES;
				CLANG_WARN_DIRECT_OBJC_ISA_USAGE = YES_ERROR;
				CLANG_WARN_DOCUMENTATION_COMMENTS = YES;
				CLANG_WARN_EMPTY_BODY = YES;
				CLANG_WARN_ENUM_CONVERSION = YES;
				CLANG_WARN_INFINITE_RECURSION = YES;
				CLANG_WARN_INT_CONVERSION = YES;
				CLANG_WARN_NON_LITERAL_NULL_CONVERSION = YES;
				CLANG_WARN_OBJC_IMPLICIT_RETAIN_SELF = YES;
				CLANG_WARN_OBJC_LITERAL_CONVERSION = YES;
				CLANG_WARN_OBJC_ROOT_CLASS = YES_ERROR;
				CLANG_WARN_QUOTED_INCLUDE_IN_FRAMEWORK_HEADER = YES;
				CLANG_WARN_RANGE_LOOP_ANALYSIS = YES;
				CLANG_WARN_STRICT_PROTOTYPES = YES;
				CLANG_WARN_SUSPICIOUS_MOVE = YES;
				CLANG_WARN_UNGUARDED_AVAILABILITY = YES_AGGRESSIVE;
				CLANG_WARN_UNREACHABLE_CODE = YES;
				CLANG_WARN__DUPLICATE_METHOD_MATCH = YES;
				COPY_PHASE_STRIP = NO;
				DEBUG_INFORMATION_FORMAT = "dwarf-with-dsym";
				DEVELOPMENT_TEAM = 5K99777NES;
				ENABLE_NS_ASSERTIONS = NO;
				ENABLE_STRICT_OBJC_MSGSEND = YES;
				ENABLE_USER_SCRIPT_SANDBOXING = YES;
				GCC_C_LANGUAGE_STANDARD = gnu17;
				GCC_NO_COMMON_BLOCKS = YES;
				GCC_WARN_64_TO_32_BIT_CONVERSION = YES;
				GCC_WARN_ABOUT_RETURN_TYPE = YES_ERROR;
				GCC_WARN_UNDECLARED_SELECTOR = YES;
				GCC_WARN_UNINITIALIZED_AUTOS = YES_AGGRESSIVE;
				GCC_WARN_UNUSED_FUNCTION = YES;
				GCC_WARN_UNUSED_VARIABLE = YES;
				LOCALIZATION_PREFERS_STRING_CATALOGS = YES;
				MACOSX_DEPLOYMENT_TARGET = 26.0;
				MTL_ENABLE_DEBUG_INFO = NO;
				MTL_FAST_MATH = YES;
				SDKROOT = macosx;
				SWIFT_COMPILATION_MODE = wholemodule;
			};
			name = Release;
		};
		7CE8145D2EFBB76100059085 /* Debug */ = {
			isa = XCBuildConfiguration;
			buildSettings = {
				ASSETCATALOG_COMPILER_APPICON_NAME = AppIcon;
				ASSETCATALOG_COMPILER_GLOBAL_ACCENT_COLOR_NAME = AccentColor;
				CODE_SIGN_ENTITLEMENTS = Studio/Studio.entitlements;
				CODE_SIGN_STYLE = Automatic;
				COMBINE_HIDPI_IMAGES = YES;
				CURRENT_PROJECT_VERSION = 1;
				DEVELOPMENT_TEAM = 5K99777NES;
				ENABLE_APP_SANDBOX = NO;
				ENABLE_HARDENED_RUNTIME = YES;
				ENABLE_PREVIEWS = YES;
				ENABLE_USER_SELECTED_FILES = readonly;
				GENERATE_INFOPLIST_FILE = YES;
				INFOPLIST_FILE = Studio/Info.plist;
				INFOPLIST_KEY_CFBundleDisplayName = "Xamrock Studio";
				INFOPLIST_KEY_NSHumanReadableCopyright = "";
				LD_RUNPATH_SEARCH_PATHS = (
					"$(inherited)",
					"@executable_path/../Frameworks",
				);
				MACOSX_DEPLOYMENT_TARGET = 14.6;
				MARKETING_VERSION = 1.0;
				PRODUCT_BUNDLE_IDENTIFIER = com.xamrock.Studio;
				PRODUCT_NAME = "Xamrock Studio";
				REGISTER_APP_GROUPS = YES;
				STRING_CATALOG_GENERATE_SYMBOLS = YES;
				SWIFT_APPROACHABLE_CONCURRENCY = YES;
				SWIFT_DEFAULT_ACTOR_ISOLATION = MainActor;
				SWIFT_EMIT_LOC_STRINGS = YES;
				SWIFT_UPCOMING_FEATURE_MEMBER_IMPORT_VISIBILITY = YES;
				SWIFT_VERSION = 5.0;
			};
			name = Debug;
		};
		7CE8145E2EFBB76100059085 /* Release */ = {
			isa = XCBuildConfiguration;
			buildSettings = {
				ASSETCATALOG_COMPILER_APPICON_NAME = AppIcon;
				ASSETCATALOG_COMPILER_GLOBAL_ACCENT_COLOR_NAME = AccentColor;
				CODE_SIGN_ENTITLEMENTS = Studio/Studio.entitlements;
				CODE_SIGN_STYLE = Automatic;
				COMBINE_HIDPI_IMAGES = YES;
				CURRENT_PROJECT_VERSION = 1;
				DEVELOPMENT_TEAM = 5K99777NES;
				ENABLE_APP_SANDBOX = NO;
				ENABLE_HARDENED_RUNTIME = YES;
				ENABLE_PREVIEWS = YES;
				ENABLE_USER_SELECTED_FILES = readonly;
				GENERATE_INFOPLIST_FILE = YES;
				INFOPLIST_FILE = Studio/Info.plist;
				INFOPLIST_KEY_CFBundleDisplayName = "Xamrock Studio";
				INFOPLIST_KEY_NSHumanReadableCopyright = "";
				LD_RUNPATH_SEARCH_PATHS = (
					"$(inherited)",
					"@executable_path/../Frameworks",
				);
				MACOSX_DEPLOYMENT_TARGET = 14.6;
				MARKETING_VERSION = 1.0;
				PRODUCT_BUNDLE_IDENTIFIER = com.xamrock.Studio;
				PRODUCT_NAME = "Xamrock Studio";
				REGISTER_APP_GROUPS = YES;
				STRING_CATALOG_GENERATE_SYMBOLS = YES;
				SWIFT_APPROACHABLE_CONCURRENCY = YES;
				SWIFT_DEFAULT_ACTOR_ISOLATION = MainActor;
				SWIFT_EMIT_LOC_STRINGS = YES;
				SWIFT_UPCOMING_FEATURE_MEMBER_IMPORT_VISIBILITY = YES;
				SWIFT_VERSION = 5.0;
			};
			name = Release;
		};
		7CE814602EFBB76100059085 /* Debug */ = {
			isa = XCBuildConfiguration;
			buildSettings = {
				BUNDLE_LOADER = "$(TEST_HOST)";
				CODE_SIGN_STYLE = Automatic;
				CURRENT_PROJECT_VERSION = 1;
				DEVELOPMENT_TEAM = 5K99777NES;
				GENERATE_INFOPLIST_FILE = YES;
				MACOSX_DEPLOYMENT_TARGET = 26.0;
				MARKETING_VERSION = 1.0;
				PRODUCT_BUNDLE_IDENTIFIER = com.kiloloco.StudioTests;
				PRODUCT_NAME = "$(TARGET_NAME)";
				STRING_CATALOG_GENERATE_SYMBOLS = NO;
				SWIFT_APPROACHABLE_CONCURRENCY = YES;
				SWIFT_EMIT_LOC_STRINGS = NO;
				SWIFT_UPCOMING_FEATURE_MEMBER_IMPORT_VISIBILITY = YES;
				SWIFT_VERSION = 5.0;
				TEST_HOST = "$(BUILT_PRODUCTS_DIR)/Studio.app/$(BUNDLE_EXECUTABLE_FOLDER_PATH)/Studio";
			};
			name = Debug;
		};
		7CE814612EFBB76100059085 /* Release */ = {
			isa = XCBuildConfiguration;
			buildSettings = {
				BUNDLE_LOADER = "$(TEST_HOST)";
				CODE_SIGN_STYLE = Automatic;
				CURRENT_PROJECT_VERSION = 1;
				DEVELOPMENT_TEAM = 5K99777NES;
				GENERATE_INFOPLIST_FILE = YES;
				MACOSX_DEPLOYMENT_TARGET = 26.0;
				MARKETING_VERSION = 1.0;
				PRODUCT_BUNDLE_IDENTIFIER = com.kiloloco.StudioTests;
				PRODUCT_NAME = "$(TARGET_NAME)";
				STRING_CATALOG_GENERATE_SYMBOLS = NO;
				SWIFT_APPROACHABLE_CONCURRENCY = YES;
				SWIFT_EMIT_LOC_STRINGS = NO;
				SWIFT_UPCOMING_FEATURE_MEMBER_IMPORT_VISIBILITY = YES;
				SWIFT_VERSION = 5.0;
				TEST_HOST = "$(BUILT_PRODUCTS_DIR)/Studio.app/$(BUNDLE_EXECUTABLE_FOLDER_PATH)/Studio";
			};
			name = Release;
		};
		7CE814632EFBB76100059085 /* Debug */ = {
			isa = XCBuildConfiguration;
			buildSettings = {
				CODE_SIGN_STYLE = Automatic;
				CURRENT_PROJECT_VERSION = 1;
				DEVELOPMENT_TEAM = 5K99777NES;
				GENERATE_INFOPLIST_FILE = YES;
				IPHONEOS_DEPLOYMENT_TARGET = 17.0;
				MARKETING_VERSION = 1.0;
				PRODUCT_BUNDLE_IDENTIFIER = com.kiloloco.StudioUITests;
				PRODUCT_NAME = "$(TARGET_NAME)";
				SDKROOT = iphoneos;
				STRING_CATALOG_GENERATE_SYMBOLS = NO;
				SUPPORTED_PLATFORMS = "iphoneos iphonesimulator";
				SUPPORTS_MACCATALYST = NO;
				SWIFT_APPROACHABLE_CONCURRENCY = YES;
				SWIFT_EMIT_LOC_STRINGS = NO;
				SWIFT_UPCOMING_FEATURE_MEMBER_IMPORT_VISIBILITY = YES;
				SWIFT_VERSION = 5.0;
				TARGETED_DEVICE_FAMILY = "1,2";
				TEST_TARGET_NAME = "";
			};
			name = Debug;
		};
		7CE814642EFBB76100059085 /* Release */ = {
			isa = XCBuildConfiguration;
			buildSettings = {
				CODE_SIGN_STYLE = Automatic;
				CURRENT_PROJECT_VERSION = 1;
				DEVELOPMENT_TEAM = 5K99777NES;
				GENERATE_INFOPLIST_FILE = YES;
				IPHONEOS_DEPLOYMENT_TARGET = 17.0;
				MARKETING_VERSION = 1.0;
				PRODUCT_BUNDLE_IDENTIFIER = com.kiloloco.StudioUITests;
				PRODUCT_NAME = "$(TARGET_NAME)";
				SDKROOT = iphoneos;
				STRING_CATALOG_GENERATE_SYMBOLS = NO;
				SUPPORTED_PLATFORMS = "iphoneos iphonesimulator";
				SUPPORTS_MACCATALYST = NO;
				SWIFT_APPROACHABLE_CONCURRENCY = YES;
				SWIFT_EMIT_LOC_STRINGS = NO;
				SWIFT_UPCOMING_FEATURE_MEMBER_IMPORT_VISIBILITY = YES;
				SWIFT_VERSION = 5.0;
				TARGETED_DEVICE_FAMILY = "1,2";
				TEST_TARGET_NAME = "";
			};
			name = Release;
		};
		7CE815552EFBD05B00059085 /* Debug */ = {
			isa = XCBuildConfiguration;
			buildSettings = {
				ASSETCATALOG_COMPILER_APPICON_NAME = AppIcon;
				ASSETCATALOG_COMPILER_GLOBAL_ACCENT_COLOR_NAME = AccentColor;
				CODE_SIGN_STYLE = Automatic;
				CURRENT_PROJECT_VERSION = 1;
				DEVELOPMENT_TEAM = 5K99777NES;
				ENABLE_PREVIEWS = YES;
				GENERATE_INFOPLIST_FILE = YES;
				INFOPLIST_KEY_UIApplicationSceneManifest_Generation = YES;
				INFOPLIST_KEY_UIApplicationSupportsIndirectInputEvents = YES;
				INFOPLIST_KEY_UILaunchScreen_Generation = YES;
				INFOPLIST_KEY_UISupportedInterfaceOrientations_iPad = "UIInterfaceOrientationPortrait UIInterfaceOrientationPortraitUpsideDown UIInterfaceOrientationLandscapeLeft UIInterfaceOrientationLandscapeRight";
				INFOPLIST_KEY_UISupportedInterfaceOrientations_iPhone = "UIInterfaceOrientationPortrait UIInterfaceOrientationLandscapeLeft UIInterfaceOrientationLandscapeRight";
				IPHONEOS_DEPLOYMENT_TARGET = 26.0;
				LD_RUNPATH_SEARCH_PATHS = (
					"$(inherited)",
					"@executable_path/Frameworks",
				);
				MARKETING_VERSION = 1.0;
				PRODUCT_BUNDLE_IDENTIFIER = com.kiloloco.TestHost;
				PRODUCT_NAME = "$(TARGET_NAME)";
				SDKROOT = iphoneos;
				STRING_CATALOG_GENERATE_SYMBOLS = YES;
				SWIFT_APPROACHABLE_CONCURRENCY = YES;
				SWIFT_DEFAULT_ACTOR_ISOLATION = MainActor;
				SWIFT_EMIT_LOC_STRINGS = YES;
				SWIFT_UPCOMING_FEATURE_MEMBER_IMPORT_VISIBILITY = YES;
				SWIFT_VERSION = 5.0;
				TARGETED_DEVICE_FAMILY = "1,2";
			};
			name = Debug;
		};
		7CE815562EFBD05B00059085 /* Release */ = {
			isa = XCBuildConfiguration;
			buildSettings = {
				ASSETCATALOG_COMPILER_APPICON_NAME = AppIcon;
				ASSETCATALOG_COMPILER_GLOBAL_ACCENT_COLOR_NAME = AccentColor;
				CODE_SIGN_STYLE = Automatic;
				CURRENT_PROJECT_VERSION = 1;
				DEVELOPMENT_TEAM = 5K99777NES;
				ENABLE_PREVIEWS = YES;
				GENERATE_INFOPLIST_FILE = YES;
				INFOPLIST_KEY_UIApplicationSceneManifest_Generation = YES;
				INFOPLIST_KEY_UIApplicationSupportsIndirectInputEvents = YES;
				INFOPLIST_KEY_UILaunchScreen_Generation = YES;
				INFOPLIST_KEY_UISupportedInterfaceOrientations_iPad = "UIInterfaceOrientationPortrait UIInterfaceOrientationPortraitUpsideDown UIInterfaceOrientationLandscapeLeft UIInterfaceOrientationLandscapeRight";
				INFOPLIST_KEY_UISupportedInterfaceOrientations_iPhone = "UIInterfaceOrientationPortrait UIInterfaceOrientationLandscapeLeft UIInterfaceOrientationLandscapeRight";
				IPHONEOS_DEPLOYMENT_TARGET = 26.0;
				LD_RUNPATH_SEARCH_PATHS = (
					"$(inherited)",
					"@executable_path/Frameworks",
				);
				MARKETING_VERSION = 1.0;
				PRODUCT_BUNDLE_IDENTIFIER = com.kiloloco.TestHost;
				PRODUCT_NAME = "$(TARGET_NAME)";
				SDKROOT = iphoneos;
				STRING_CATALOG_GENERATE_SYMBOLS = YES;
				SWIFT_APPROACHABLE_CONCURRENCY = YES;
				SWIFT_DEFAULT_ACTOR_ISOLATION = MainActor;
				SWIFT_EMIT_LOC_STRINGS = YES;
				SWIFT_UPCOMING_FEATURE_MEMBER_IMPORT_VISIBILITY = YES;
				SWIFT_VERSION = 5.0;
				TARGETED_DEVICE_FAMILY = "1,2";
				VALIDATE_PRODUCT = YES;
			};
			name = Release;
		};
		7CE815572EFBD05B00059085 /* Debug */ = {
			isa = XCBuildConfiguration;
			buildSettings = {
				BUNDLE_LOADER = "$(TEST_HOST)";
				CODE_SIGN_STYLE = Automatic;
				CURRENT_PROJECT_VERSION = 1;
				DEVELOPMENT_TEAM = 5K99777NES;
				GENERATE_INFOPLIST_FILE = YES;
				IPHONEOS_DEPLOYMENT_TARGET = 26.0;
				MARKETING_VERSION = 1.0;
				PRODUCT_BUNDLE_IDENTIFIER = com.kiloloco.TestHostTests;
				PRODUCT_NAME = "$(TARGET_NAME)";
				SDKROOT = iphoneos;
				STRING_CATALOG_GENERATE_SYMBOLS = NO;
				SWIFT_APPROACHABLE_CONCURRENCY = YES;
				SWIFT_EMIT_LOC_STRINGS = NO;
				SWIFT_UPCOMING_FEATURE_MEMBER_IMPORT_VISIBILITY = YES;
				SWIFT_VERSION = 5.0;
				TARGETED_DEVICE_FAMILY = "1,2";
				TEST_HOST = "$(BUILT_PRODUCTS_DIR)/TestHost.app/$(BUNDLE_EXECUTABLE_FOLDER_PATH)/TestHost";
			};
			name = Debug;
		};
		7CE815582EFBD05B00059085 /* Release */ = {
			isa = XCBuildConfiguration;
			buildSettings = {
				BUNDLE_LOADER = "$(TEST_HOST)";
				CODE_SIGN_STYLE = Automatic;
				CURRENT_PROJECT_VERSION = 1;
				DEVELOPMENT_TEAM = 5K99777NES;
				GENERATE_INFOPLIST_FILE = YES;
				IPHONEOS_DEPLOYMENT_TARGET = 26.0;
				MARKETING_VERSION = 1.0;
				PRODUCT_BUNDLE_IDENTIFIER = com.kiloloco.TestHostTests;
				PRODUCT_NAME = "$(TARGET_NAME)";
				SDKROOT = iphoneos;
				STRING_CATALOG_GENERATE_SYMBOLS = NO;
				SWIFT_APPROACHABLE_CONCURRENCY = YES;
				SWIFT_EMIT_LOC_STRINGS = NO;
				SWIFT_UPCOMING_FEATURE_MEMBER_IMPORT_VISIBILITY = YES;
				SWIFT_VERSION = 5.0;
				TARGETED_DEVICE_FAMILY = "1,2";
				TEST_HOST = "$(BUILT_PRODUCTS_DIR)/TestHost.app/$(BUNDLE_EXECUTABLE_FOLDER_PATH)/TestHost";
				VALIDATE_PRODUCT = YES;
			};
			name = Release;
		};
		7CE815592EFBD05B00059085 /* Debug */ = {
			isa = XCBuildConfiguration;
			buildSettings = {
				CODE_SIGN_STYLE = Automatic;
				CURRENT_PROJECT_VERSION = 1;
				DEVELOPMENT_TEAM = 5K99777NES;
				GENERATE_INFOPLIST_FILE = YES;
				IPHONEOS_DEPLOYMENT_TARGET = 26.0;
				MARKETING_VERSION = 1.0;
				PRODUCT_BUNDLE_IDENTIFIER = com.kiloloco.TestHostUITests;
				PRODUCT_NAME = "$(TARGET_NAME)";
				SDKROOT = iphoneos;
				STRING_CATALOG_GENERATE_SYMBOLS = NO;
				SWIFT_APPROACHABLE_CONCURRENCY = YES;
				SWIFT_EMIT_LOC_STRINGS = NO;
				SWIFT_UPCOMING_FEATURE_MEMBER_IMPORT_VISIBILITY = YES;
				SWIFT_VERSION = 5.0;
				TARGETED_DEVICE_FAMILY = "1,2";
				TEST_TARGET_NAME = TestHost;
			};
			name = Debug;
		};
		7CE8155A2EFBD05B00059085 /* Release */ = {
			isa = XCBuildConfiguration;
			buildSettings = {
				CODE_SIGN_STYLE = Automatic;
				CURRENT_PROJECT_VERSION = 1;
				DEVELOPMENT_TEAM = 5K99777NES;
				GENERATE_INFOPLIST_FILE = YES;
				IPHONEOS_DEPLOYMENT_TARGET = 26.0;
				MARKETING_VERSION = 1.0;
				PRODUCT_BUNDLE_IDENTIFIER = com.kiloloco.TestHostUITests;
				PRODUCT_NAME = "$(TARGET_NAME)";
				SDKROOT = iphoneos;
				STRING_CATALOG_GENERATE_SYMBOLS = NO;
				SWIFT_APPROACHABLE_CONCURRENCY = YES;
				SWIFT_EMIT_LOC_STRINGS = NO;
				SWIFT_UPCOMING_FEATURE_MEMBER_IMPORT_VISIBILITY = YES;
				SWIFT_VERSION = 5.0;
				TARGETED_DEVICE_FAMILY = "1,2";
				TEST_TARGET_NAME = TestHost;
				VALIDATE_PRODUCT = YES;
			};
			name = Release;
		};
/* End XCBuildConfiguration section */

/* Begin XCConfigurationList section */
		7CE814362EFBB76000059085 /* Build configuration list for PBXProject "Studio" */ = {
			isa = XCConfigurationList;
			buildConfigurations = (
				7CE8145A2EFBB76100059085 /* Debug */,
				7CE8145B2EFBB76100059085 /* Release */,
			);
			defaultConfigurationIsVisible = 0;
			defaultConfigurationName = Release;
		};
		7CE8145C2EFBB76100059085 /* Build configuration list for PBXNativeTarget "Studio" */ = {
			isa = XCConfigurationList;
			buildConfigurations = (
				7CE8145D2EFBB76100059085 /* Debug */,
				7CE8145E2EFBB76100059085 /* Release */,
			);
			defaultConfigurationIsVisible = 0;
			defaultConfigurationName = Release;
		};
		7CE8145F2EFBB76100059085 /* Build configuration list for PBXNativeTarget "StudioTests" */ = {
			isa = XCConfigurationList;
			buildConfigurations = (
				7CE814602EFBB76100059085 /* Debug */,
				7CE814612EFBB76100059085 /* Release */,
			);
			defaultConfigurationIsVisible = 0;
			defaultConfigurationName = Release;
		};
		7CE814622EFBB76100059085 /* Build configuration list for PBXNativeTarget "StudioUITests" */ = {
			isa = XCConfigurationList;
			buildConfigurations = (
				7CE814632EFBB76100059085 /* Debug */,
				7CE814642EFBB76100059085 /* Release */,
			);
			defaultConfigurationIsVisible = 0;
			defaultConfigurationName = Release;
		};
		7CE8155B2EFBD05B00059085 /* Build configuration list for PBXNativeTarget "TestHost" */ = {
			isa = XCConfigurationList;
			buildConfigurations = (
				7CE815552EFBD05B00059085 /* Debug */,
				7CE815562EFBD05B00059085 /* Release */,
			);
			defaultConfigurationIsVisible = 0;
			defaultConfigurationName = Release;
		};
		7CE8155C2EFBD05B00059085 /* Build configuration list for PBXNativeTarget "TestHostTests" */ = {
			isa = XCConfigurationList;
			buildConfigurations = (
				7CE815572EFBD05B00059085 /* Debug */,
				7CE815582EFBD05B00059085 /* Release */,
			);
			defaultConfigurationIsVisible = 0;
			defaultConfigurationName = Release;
		};
		7CE8155D2EFBD05B00059085 /* Build configuration list for PBXNativeTarget "TestHostUITests" */ = {
			isa = XCConfigurationList;
			buildConfigurations = (
				7CE815592EFBD05B00059085 /* Debug */,
				7CE8155A2EFBD05B00059085 /* Release */,
			);
			defaultConfigurationIsVisible = 0;
			defaultConfigurationName = Release;
		};
/* End XCConfigurationList section */
	};
	rootObject = 7CE814332EFBB76000059085 /* Project object */;
}
